
Microsoft Visual Studio Solution File, Format Version 12.00
# Visual Studio Version 17
VisualStudioVersion = 17.12.35707.178
MinimumVisualStudioVersion = 10.0.40219.1
Project("{FAE04EC0-301F-11D3-BF4B-00C04F79EFBC}") = "SignalRApi", "SignalRApi\SignalRApi.csproj", "{85F5EA08-BDA2-4963-AD5C-DEF2588BC29B}"
EndProject
Project("{FAE04EC0-301F-11D3-BF4B-00C04F79EFBC}") = "SignalRWebUI", "SignalRWebUI\SignalRWebUI.csproj", "{307D0702-0A9A-47D6-A506-537EE8489B1D}"
EndProject
Project("{FAE04EC0-301F-11D3-BF4B-00C04F79EFBC}") = "SignalR.EntityLayer", "SignalR.EntityLayer\SignalR.EntityLayer.csproj", "{B7DC0980-97F2-457A-B19D-23C8600AFCC1}"
EndProject
Project("{FAE04EC0-301F-11D3-BF4B-00C04F79EFBC}") = "SignalR.DataAccessLayer", "SignalR.DataAccessLayer\SignalR.DataAccessLayer.csproj", "{22D5C392-6F20-4436-9FF6-887865D74692}"
EndProject
Project("{FAE04EC0-301F-11D3-BF4B-00C04F79EFBC}") = "SignalR.DtoLayer", "SignalR.DtoLayer\SignalR.DtoLayer.csproj", "{99FE69C5-3955-423F-BCD4-B89BCC4E98A9}"
EndProject
Project("{FAE04EC0-301F-11D3-BF4B-00C04F79EFBC}") = "SignalR.BusinessLayer", "SignalR.BusinessLayer\SignalR.BusinessLayer.csproj", "{FA4478C2-3859-41D3-B5BC-C4340373366F}"
EndProject
Global
	GlobalSection(SolutionConfigurationPlatforms) = preSolution
		Debug|Any CPU = Debug|Any CPU
		Release|Any CPU = Release|Any CPU
	EndGlobalSection
	GlobalSection(ProjectConfigurationPlatforms) = postSolution
		{85F5EA08-BDA2-4963-AD5C-DEF2588BC29B}.Debug|Any CPU.ActiveCfg = Debug|Any CPU
		{85F5EA08-BDA2-4963-AD5C-DEF2588BC29B}.Debug|Any CPU.Build.0 = Debug|Any CPU
		{85F5EA08-BDA2-4963-AD5C-DEF2588BC29B}.Release|Any CPU.ActiveCfg = Release|Any CPU
		{85F5EA08-BDA2-4963-AD5C-DEF2588BC29B}.Release|Any CPU.Build.0 = Release|Any CPU
		{307D0702-0A9A-47D6-A506-537EE8489B1D}.Debug|Any CPU.ActiveCfg = Debug|Any CPU
		{307D0702-0A9A-47D6-A506-537EE8489B1D}.Debug|Any CPU.Build.0 = Debug|Any CPU
		{307D0702-0A9A-47D6-A506-537EE8489B1D}.Release|Any CPU.ActiveCfg = Release|Any CPU
		{307D0702-0A9A-47D6-A506-537EE8489B1D}.Release|Any CPU.Build.0 = Release|Any CPU
		{B7DC0980-97F2-457A-B19D-23C8600AFCC1}.Debug|Any CPU.ActiveCfg = Debug|Any CPU
		{B7DC0980-97F2-457A-B19D-23C8600AFCC1}.Debug|Any CPU.Build.0 = Debug|Any CPU
		{B7DC0980-97F2-457A-B19D-23C8600AFCC1}.Release|Any CPU.ActiveCfg = Release|Any CPU
		{B7DC0980-97F2-457A-B19D-23C8600AFCC1}.Release|Any CPU.Build.0 = Release|Any CPU
		{22D5C392-6F20-4436-9FF6-887865D74692}.Debug|Any CPU.ActiveCfg = Debug|Any CPU
		{22D5C392-6F20-4436-9FF6-887865D74692}.Debug|Any CPU.Build.0 = Debug|Any CPU
		{22D5C392-6F20-4436-9FF6-887865D74692}.Release|Any CPU.ActiveCfg = Release|Any CPU
		{22D5C392-6F20-4436-9FF6-887865D74692}.Release|Any CPU.Build.0 = Release|Any CPU
		{99FE69C5-3955-423F-BCD4-B89BCC4E98A9}.Debug|Any CPU.ActiveCfg = Debug|Any CPU
		{99FE69C5-3955-423F-BCD4-B89BCC4E98A9}.Debug|Any CPU.Build.0 = Debug|Any CPU
		{99FE69C5-3955-423F-BCD4-B89BCC4E98A9}.Release|Any CPU.ActiveCfg = Release|Any CPU
		{99FE69C5-3955-423F-BCD4-B89BCC4E98A9}.Release|Any CPU.Build.0 = Release|Any CPU
		{FA4478C2-3859-41D3-B5BC-C4340373366F}.Debug|Any CPU.ActiveCfg = Debug|Any CPU
		{FA4478C2-3859-41D3-B5BC-C4340373366F}.Debug|Any CPU.Build.0 = Debug|Any CPU
		{FA4478C2-3859-41D3-B5BC-C4340373366F}.Release|Any CPU.ActiveCfg = Release|Any CPU
		{FA4478C2-3859-41D3-B5BC-C4340373366F}.Release|Any CPU.Build.0 = Release|Any CPU
	EndGlobalSection
	GlobalSection(SolutionProperties) = preSolution
		HideSolutionNode = FALSE
	EndGlobalSection
EndGlobal
